
Microsoft Visual Studio Solution File, Format Version 12.00
# Visual Studio Version 16
VisualStudioVersion = 16.0.31702.278
MinimumVisualStudioVersion = 10.0.40219.1
Project("{FAE04EC0-301F-11D3-BF4B-00C04F79EFBC}") = "CSVANDJSonDemo", "CSVANDJSonDemo.csproj", "{0DBD3253-D085-4C85-B5CF-16A1DCB8CC9D}"
EndProject
Global
	GlobalSection(SolutionConfigurationPlatforms) = preSolution
		Debug|Any CPU = Debug|Any CPU
		Release|Any CPU = Release|Any CPU
	EndGlobalSection
	GlobalSection(ProjectConfigurationPlatforms) = postSolution
		{0DBD3253-D085-4C85-B5CF-16A1DCB8CC9D}.Debug|Any CPU.ActiveCfg = Debug|Any CPU
		{0DBD3253-D085-4C85-B5CF-16A1DCB8CC9D}.Debug|Any CPU.Build.0 = Debug|Any CPU
		{0DBD3253-D085-4C85-B5CF-16A1DCB8CC9D}.Release|Any CPU.ActiveCfg = Release|Any CPU
		{0DBD3253-D085-4C85-B5CF-16A1DCB8CC9D}.Release|Any CPU.Build.0 = Release|Any CPU
	EndGlobalSection
	GlobalSection(SolutionProperties) = preSolution
		HideSolutionNode = FALSE
	EndGlobalSection
	GlobalSection(ExtensibilityGlobals) = postSolution
		SolutionGuid = {18139D22-BAF3-42EE-AECB-D8954CC66A75}
	EndGlobalSection
EndGlobal
